
Microsoft Visual Studio Solution File, Format Version 12.00
# Visual Studio Version 17
VisualStudioVersion = 17.8.34316.72
MinimumVisualStudioVersion = 10.0.40219.1
Project("{9A19103F-16F7-4668-BE54-9A1E7A4F7556}") = "MinecraftServerApplication", "MinecraftServerApplication\MinecraftServerApplication.csproj", "{FEFAB61C-3056-4D4F-B126-DCC21B8C535F}"
EndProject
Global
	GlobalSection(SolutionConfigurationPlatforms) = preSolution
		Debug|Any CPU = Debug|Any CPU
		Release|Any CPU = Release|Any CPU
	EndGlobalSection
	GlobalSection(ProjectConfigurationPlatforms) = postSolution
		{FEFAB61C-3056-4D4F-B126-DCC21B8C535F}.Debug|Any CPU.ActiveCfg = Debug|Any CPU
		{FEFAB61C-3056-4D4F-B126-DCC21B8C535F}.Debug|Any CPU.Build.0 = Debug|Any CPU
		{FEFAB61C-3056-4D4F-B126-DCC21B8C535F}.Release|Any CPU.ActiveCfg = Release|Any CPU
		{FEFAB61C-3056-4D4F-B126-DCC21B8C535F}.Release|Any CPU.Build.0 = Release|Any CPU
	EndGlobalSection
	GlobalSection(SolutionProperties) = preSolution
		HideSolutionNode = FALSE
	EndGlobalSection
	GlobalSection(ExtensibilityGlobals) = postSolution
		SolutionGuid = {FF5A3A82-65A5-4098-A048-960FF3BDE81C}
	EndGlobalSection
EndGlobal
